
Microsoft Visual Studio Solution File, Format Version 12.00
# Visual Studio Version 17
VisualStudioVersion = 17.5.001.0
MinimumVisualStudioVersion = 10.0.40219.1
Project("{9A19103F-16F7-4668-BE54-9A1E7A4F7556}") = "CompilerA", "CompilerA.csproj", "{1D689462-D1A2-4420-9849-5ABB36D4D742}"
EndProject
Global
	GlobalSection(SolutionConfigurationPlatforms) = preSolution
		Debug|Any CPU = Debug|Any CPU
		Release|Any CPU = Release|Any CPU
	EndGlobalSection
	GlobalSection(ProjectConfigurationPlatforms) = postSolution
		{1D689462-D1A2-4420-9849-5ABB36D4D742}.Debug|Any CPU.ActiveCfg = Debug|Any CPU
		{1D689462-D1A2-4420-9849-5ABB36D4D742}.Debug|Any CPU.Build.0 = Debug|Any CPU
		{1D689462-D1A2-4420-9849-5ABB36D4D742}.Release|Any CPU.ActiveCfg = Release|Any CPU
		{1D689462-D1A2-4420-9849-5ABB36D4D742}.Release|Any CPU.Build.0 = Release|Any CPU
	EndGlobalSection
	GlobalSection(SolutionProperties) = preSolution
		HideSolutionNode = FALSE
	EndGlobalSection
	GlobalSection(ExtensibilityGlobals) = postSolution
		SolutionGuid = {D1A977BD-7238-4FA8-A01E-009BF1F7BDA7}
	EndGlobalSection
EndGlobal
